
Microsoft Visual Studio Solution File, Format Version 12.00
# Visual Studio Version 16
VisualStudioVersion = 16.0.30114.105
MinimumVisualStudioVersion = 10.0.40219.1
Project("{8BC9CEB8-8B4A-11D0-8D11-00A0C91BC942}") = "ConstStuff", "ConstStuff.vcxproj", "{9359432E-A638-47D6-BD4E-47BD0EE15DD4}"
EndProject
Global
	GlobalSection(SolutionConfigurationPlatforms) = preSolution
		Debug|x64 = Debug|x64
		Debug|x86 = Debug|x86
		Release|x64 = Release|x64
		Release|x86 = Release|x86
	EndGlobalSection
	GlobalSection(ProjectConfigurationPlatforms) = postSolution
		{9359432E-A638-47D6-BD4E-47BD0EE15DD4}.Debug|x64.ActiveCfg = Debug|x64
		{9359432E-A638-47D6-BD4E-47BD0EE15DD4}.Debug|x64.Build.0 = Debug|x64
		{9359432E-A638-47D6-BD4E-47BD0EE15DD4}.Debug|x86.ActiveCfg = Debug|Win32
		{9359432E-A638-47D6-BD4E-47BD0EE15DD4}.Debug|x86.Build.0 = Debug|Win32
		{9359432E-A638-47D6-BD4E-47BD0EE15DD4}.Release|x64.ActiveCfg = Release|x64
		{9359432E-A638-47D6-BD4E-47BD0EE15DD4}.Release|x64.Build.0 = Release|x64
		{9359432E-A638-47D6-BD4E-47BD0EE15DD4}.Release|x86.ActiveCfg = Release|Win32
		{9359432E-A638-47D6-BD4E-47BD0EE15DD4}.Release|x86.Build.0 = Release|Win32
	EndGlobalSection
	GlobalSection(SolutionProperties) = preSolution
		HideSolutionNode = FALSE
	EndGlobalSection
	GlobalSection(ExtensibilityGlobals) = postSolution
		SolutionGuid = {6F78D757-FAF0-42E1-89B5-625A8B917BD5}
	EndGlobalSection
EndGlobal
