
Microsoft Visual Studio Solution File, Format Version 12.00
# Visual Studio Version 16
VisualStudioVersion = 16.0.30114.105
MinimumVisualStudioVersion = 10.0.40219.1
Project("{8BC9CEB8-8B4A-11D0-8D11-00A0C91BC942}") = "Basics", "Basics\Basics.vcxproj", "{034999DF-077B-4F9F-B511-3CA34190F18F}"
EndProject
Project("{8BC9CEB8-8B4A-11D0-8D11-00A0C91BC942}") = "FunctionsAndArrays", "FunctionsAndArrays\FunctionsAndArrays.vcxproj", "{FCA04ECF-E514-40B9-900B-C724237CE456}"
EndProject
Project("{8BC9CEB8-8B4A-11D0-8D11-00A0C91BC942}") = "Recursion", "Recursion\Recursion.vcxproj", "{EDC6D09B-6910-48A3-9671-0E0DA64E3C0C}"
EndProject
Project("{8BC9CEB8-8B4A-11D0-8D11-00A0C91BC942}") = "FunctionPointers", "FunctionPointers\FunctionPointers.vcxproj", "{01A2FBE0-F91B-4316-AACE-B76FDB9422AE}"
EndProject
Project("{8BC9CEB8-8B4A-11D0-8D11-00A0C91BC942}") = "VarArgs", "VarArgs\VarArgs.vcxproj", "{BE8DB79D-8788-4337-A1F6-D4C3DF8435D3}"
EndProject
Project("{8BC9CEB8-8B4A-11D0-8D11-00A0C91BC942}") = "VariadicTemplateArgs", "VariadicTemplateArgs\VariadicTemplateArgs.vcxproj", "{5E530D1E-4F28-4962-BE46-FBB66B0DDED3}"
EndProject
Global
	GlobalSection(SolutionConfigurationPlatforms) = preSolution
		Debug|x64 = Debug|x64
		Debug|x86 = Debug|x86
		Release|x64 = Release|x64
		Release|x86 = Release|x86
	EndGlobalSection
	GlobalSection(ProjectConfigurationPlatforms) = postSolution
		{034999DF-077B-4F9F-B511-3CA34190F18F}.Debug|x64.ActiveCfg = Debug|x64
		{034999DF-077B-4F9F-B511-3CA34190F18F}.Debug|x64.Build.0 = Debug|x64
		{034999DF-077B-4F9F-B511-3CA34190F18F}.Debug|x86.ActiveCfg = Debug|Win32
		{034999DF-077B-4F9F-B511-3CA34190F18F}.Debug|x86.Build.0 = Debug|Win32
		{034999DF-077B-4F9F-B511-3CA34190F18F}.Release|x64.ActiveCfg = Release|x64
		{034999DF-077B-4F9F-B511-3CA34190F18F}.Release|x64.Build.0 = Release|x64
		{034999DF-077B-4F9F-B511-3CA34190F18F}.Release|x86.ActiveCfg = Release|Win32
		{034999DF-077B-4F9F-B511-3CA34190F18F}.Release|x86.Build.0 = Release|Win32
		{FCA04ECF-E514-40B9-900B-C724237CE456}.Debug|x64.ActiveCfg = Debug|x64
		{FCA04ECF-E514-40B9-900B-C724237CE456}.Debug|x64.Build.0 = Debug|x64
		{FCA04ECF-E514-40B9-900B-C724237CE456}.Debug|x86.ActiveCfg = Debug|Win32
		{FCA04ECF-E514-40B9-900B-C724237CE456}.Debug|x86.Build.0 = Debug|Win32
		{FCA04ECF-E514-40B9-900B-C724237CE456}.Release|x64.ActiveCfg = Release|x64
		{FCA04ECF-E514-40B9-900B-C724237CE456}.Release|x64.Build.0 = Release|x64
		{FCA04ECF-E514-40B9-900B-C724237CE456}.Release|x86.ActiveCfg = Release|Win32
		{FCA04ECF-E514-40B9-900B-C724237CE456}.Release|x86.Build.0 = Release|Win32
		{EDC6D09B-6910-48A3-9671-0E0DA64E3C0C}.Debug|x64.ActiveCfg = Debug|x64
		{EDC6D09B-6910-48A3-9671-0E0DA64E3C0C}.Debug|x64.Build.0 = Debug|x64
		{EDC6D09B-6910-48A3-9671-0E0DA64E3C0C}.Debug|x86.ActiveCfg = Debug|Win32
		{EDC6D09B-6910-48A3-9671-0E0DA64E3C0C}.Debug|x86.Build.0 = Debug|Win32
		{EDC6D09B-6910-48A3-9671-0E0DA64E3C0C}.Release|x64.ActiveCfg = Release|x64
		{EDC6D09B-6910-48A3-9671-0E0DA64E3C0C}.Release|x64.Build.0 = Release|x64
		{EDC6D09B-6910-48A3-9671-0E0DA64E3C0C}.Release|x86.ActiveCfg = Release|Win32
		{EDC6D09B-6910-48A3-9671-0E0DA64E3C0C}.Release|x86.Build.0 = Release|Win32
		{01A2FBE0-F91B-4316-AACE-B76FDB9422AE}.Debug|x64.ActiveCfg = Debug|x64
		{01A2FBE0-F91B-4316-AACE-B76FDB9422AE}.Debug|x64.Build.0 = Debug|x64
		{01A2FBE0-F91B-4316-AACE-B76FDB9422AE}.Debug|x86.ActiveCfg = Debug|Win32
		{01A2FBE0-F91B-4316-AACE-B76FDB9422AE}.Debug|x86.Build.0 = Debug|Win32
		{01A2FBE0-F91B-4316-AACE-B76FDB9422AE}.Release|x64.ActiveCfg = Release|x64
		{01A2FBE0-F91B-4316-AACE-B76FDB9422AE}.Release|x64.Build.0 = Release|x64
		{01A2FBE0-F91B-4316-AACE-B76FDB9422AE}.Release|x86.ActiveCfg = Release|Win32
		{01A2FBE0-F91B-4316-AACE-B76FDB9422AE}.Release|x86.Build.0 = Release|Win32
		{BE8DB79D-8788-4337-A1F6-D4C3DF8435D3}.Debug|x64.ActiveCfg = Debug|x64
		{BE8DB79D-8788-4337-A1F6-D4C3DF8435D3}.Debug|x64.Build.0 = Debug|x64
		{BE8DB79D-8788-4337-A1F6-D4C3DF8435D3}.Debug|x86.ActiveCfg = Debug|Win32
		{BE8DB79D-8788-4337-A1F6-D4C3DF8435D3}.Debug|x86.Build.0 = Debug|Win32
		{BE8DB79D-8788-4337-A1F6-D4C3DF8435D3}.Release|x64.ActiveCfg = Release|x64
		{BE8DB79D-8788-4337-A1F6-D4C3DF8435D3}.Release|x64.Build.0 = Release|x64
		{BE8DB79D-8788-4337-A1F6-D4C3DF8435D3}.Release|x86.ActiveCfg = Release|Win32
		{BE8DB79D-8788-4337-A1F6-D4C3DF8435D3}.Release|x86.Build.0 = Release|Win32
		{5E530D1E-4F28-4962-BE46-FBB66B0DDED3}.Debug|x64.ActiveCfg = Debug|x64
		{5E530D1E-4F28-4962-BE46-FBB66B0DDED3}.Debug|x64.Build.0 = Debug|x64
		{5E530D1E-4F28-4962-BE46-FBB66B0DDED3}.Debug|x86.ActiveCfg = Debug|Win32
		{5E530D1E-4F28-4962-BE46-FBB66B0DDED3}.Debug|x86.Build.0 = Debug|Win32
		{5E530D1E-4F28-4962-BE46-FBB66B0DDED3}.Release|x64.ActiveCfg = Release|x64
		{5E530D1E-4F28-4962-BE46-FBB66B0DDED3}.Release|x64.Build.0 = Release|x64
		{5E530D1E-4F28-4962-BE46-FBB66B0DDED3}.Release|x86.ActiveCfg = Release|Win32
		{5E530D1E-4F28-4962-BE46-FBB66B0DDED3}.Release|x86.Build.0 = Release|Win32
	EndGlobalSection
	GlobalSection(SolutionProperties) = preSolution
		HideSolutionNode = FALSE
	EndGlobalSection
	GlobalSection(ExtensibilityGlobals) = postSolution
		SolutionGuid = {BCC6CDB9-2F45-43F1-93A7-0E52868B24E9}
	EndGlobalSection
EndGlobal
