
Microsoft Visual Studio Solution File, Format Version 12.00
# Visual Studio Version 16
VisualStudioVersion = 16.0.30330.147
MinimumVisualStudioVersion = 10.0.40219.1
Project("{8BC9CEB8-8B4A-11D0-8D11-00A0C91BC942}") = "SpiralArray", "SpiralArray\SpiralArray.vcxproj", "{3B838D48-B75E-4B13-8C3F-DFF3C0B55BE8}"
EndProject
Project("{8BC9CEB8-8B4A-11D0-8D11-00A0C91BC942}") = "SnakeArray", "SnakeArray\SnakeArray.vcxproj", "{84D1C21B-8195-4DA6-A533-186C4DD15ECB}"
EndProject
Global
	GlobalSection(SolutionConfigurationPlatforms) = preSolution
		Debug|x64 = Debug|x64
		Debug|x86 = Debug|x86
		Release|x64 = Release|x64
		Release|x86 = Release|x86
	EndGlobalSection
	GlobalSection(ProjectConfigurationPlatforms) = postSolution
		{3B838D48-B75E-4B13-8C3F-DFF3C0B55BE8}.Debug|x64.ActiveCfg = Debug|x64
		{3B838D48-B75E-4B13-8C3F-DFF3C0B55BE8}.Debug|x64.Build.0 = Debug|x64
		{3B838D48-B75E-4B13-8C3F-DFF3C0B55BE8}.Debug|x86.ActiveCfg = Debug|Win32
		{3B838D48-B75E-4B13-8C3F-DFF3C0B55BE8}.Debug|x86.Build.0 = Debug|Win32
		{3B838D48-B75E-4B13-8C3F-DFF3C0B55BE8}.Release|x64.ActiveCfg = Release|x64
		{3B838D48-B75E-4B13-8C3F-DFF3C0B55BE8}.Release|x64.Build.0 = Release|x64
		{3B838D48-B75E-4B13-8C3F-DFF3C0B55BE8}.Release|x86.ActiveCfg = Release|Win32
		{3B838D48-B75E-4B13-8C3F-DFF3C0B55BE8}.Release|x86.Build.0 = Release|Win32
		{84D1C21B-8195-4DA6-A533-186C4DD15ECB}.Debug|x64.ActiveCfg = Debug|x64
		{84D1C21B-8195-4DA6-A533-186C4DD15ECB}.Debug|x64.Build.0 = Debug|x64
		{84D1C21B-8195-4DA6-A533-186C4DD15ECB}.Debug|x86.ActiveCfg = Debug|Win32
		{84D1C21B-8195-4DA6-A533-186C4DD15ECB}.Debug|x86.Build.0 = Debug|Win32
		{84D1C21B-8195-4DA6-A533-186C4DD15ECB}.Release|x64.ActiveCfg = Release|x64
		{84D1C21B-8195-4DA6-A533-186C4DD15ECB}.Release|x64.Build.0 = Release|x64
		{84D1C21B-8195-4DA6-A533-186C4DD15ECB}.Release|x86.ActiveCfg = Release|Win32
		{84D1C21B-8195-4DA6-A533-186C4DD15ECB}.Release|x86.Build.0 = Release|Win32
	EndGlobalSection
	GlobalSection(SolutionProperties) = preSolution
		HideSolutionNode = FALSE
	EndGlobalSection
	GlobalSection(ExtensibilityGlobals) = postSolution
		SolutionGuid = {63A80ED9-4B5E-4070-AE80-BF9A16800EF4}
	EndGlobalSection
EndGlobal
