
Microsoft Visual Studio Solution File, Format Version 12.00
# Visual Studio Version 16
VisualStudioVersion = 16.0.30114.105
MinimumVisualStudioVersion = 10.0.40219.1
Project("{8BC9CEB8-8B4A-11D0-8D11-00A0C91BC942}") = "Vector", "Vector\Vector.vcxproj", "{51574340-3290-47C2-8AB7-611B104BE0D8}"
EndProject
Project("{8BC9CEB8-8B4A-11D0-8D11-00A0C91BC942}") = "List", "List\List.vcxproj", "{1B17B2DE-48EE-4D35-A168-F5DA7AAC9D85}"
EndProject
Project("{8BC9CEB8-8B4A-11D0-8D11-00A0C91BC942}") = "BSTree", "BSTree\BSTree.vcxproj", "{CA814289-E14F-4ECA-9BAC-E52A21DD87A5}"
EndProject
Project("{8BC9CEB8-8B4A-11D0-8D11-00A0C91BC942}") = "String", "String\String.vcxproj", "{5A0E3901-3A92-4147-BC4B-5CD562327617}"
EndProject
Global
	GlobalSection(SolutionConfigurationPlatforms) = preSolution
		Debug|x64 = Debug|x64
		Debug|x86 = Debug|x86
		Release|x64 = Release|x64
		Release|x86 = Release|x86
	EndGlobalSection
	GlobalSection(ProjectConfigurationPlatforms) = postSolution
		{51574340-3290-47C2-8AB7-611B104BE0D8}.Debug|x64.ActiveCfg = Debug|x64
		{51574340-3290-47C2-8AB7-611B104BE0D8}.Debug|x64.Build.0 = Debug|x64
		{51574340-3290-47C2-8AB7-611B104BE0D8}.Debug|x86.ActiveCfg = Debug|Win32
		{51574340-3290-47C2-8AB7-611B104BE0D8}.Debug|x86.Build.0 = Debug|Win32
		{51574340-3290-47C2-8AB7-611B104BE0D8}.Release|x64.ActiveCfg = Release|x64
		{51574340-3290-47C2-8AB7-611B104BE0D8}.Release|x64.Build.0 = Release|x64
		{51574340-3290-47C2-8AB7-611B104BE0D8}.Release|x86.ActiveCfg = Release|Win32
		{51574340-3290-47C2-8AB7-611B104BE0D8}.Release|x86.Build.0 = Release|Win32
		{1B17B2DE-48EE-4D35-A168-F5DA7AAC9D85}.Debug|x64.ActiveCfg = Debug|x64
		{1B17B2DE-48EE-4D35-A168-F5DA7AAC9D85}.Debug|x64.Build.0 = Debug|x64
		{1B17B2DE-48EE-4D35-A168-F5DA7AAC9D85}.Debug|x86.ActiveCfg = Debug|Win32
		{1B17B2DE-48EE-4D35-A168-F5DA7AAC9D85}.Debug|x86.Build.0 = Debug|Win32
		{1B17B2DE-48EE-4D35-A168-F5DA7AAC9D85}.Release|x64.ActiveCfg = Release|x64
		{1B17B2DE-48EE-4D35-A168-F5DA7AAC9D85}.Release|x64.Build.0 = Release|x64
		{1B17B2DE-48EE-4D35-A168-F5DA7AAC9D85}.Release|x86.ActiveCfg = Release|Win32
		{1B17B2DE-48EE-4D35-A168-F5DA7AAC9D85}.Release|x86.Build.0 = Release|Win32
		{CA814289-E14F-4ECA-9BAC-E52A21DD87A5}.Debug|x64.ActiveCfg = Debug|x64
		{CA814289-E14F-4ECA-9BAC-E52A21DD87A5}.Debug|x64.Build.0 = Debug|x64
		{CA814289-E14F-4ECA-9BAC-E52A21DD87A5}.Debug|x86.ActiveCfg = Debug|Win32
		{CA814289-E14F-4ECA-9BAC-E52A21DD87A5}.Debug|x86.Build.0 = Debug|Win32
		{CA814289-E14F-4ECA-9BAC-E52A21DD87A5}.Release|x64.ActiveCfg = Release|x64
		{CA814289-E14F-4ECA-9BAC-E52A21DD87A5}.Release|x64.Build.0 = Release|x64
		{CA814289-E14F-4ECA-9BAC-E52A21DD87A5}.Release|x86.ActiveCfg = Release|Win32
		{CA814289-E14F-4ECA-9BAC-E52A21DD87A5}.Release|x86.Build.0 = Release|Win32
		{5A0E3901-3A92-4147-BC4B-5CD562327617}.Debug|x64.ActiveCfg = Debug|x64
		{5A0E3901-3A92-4147-BC4B-5CD562327617}.Debug|x64.Build.0 = Debug|x64
		{5A0E3901-3A92-4147-BC4B-5CD562327617}.Debug|x86.ActiveCfg = Debug|Win32
		{5A0E3901-3A92-4147-BC4B-5CD562327617}.Debug|x86.Build.0 = Debug|Win32
		{5A0E3901-3A92-4147-BC4B-5CD562327617}.Release|x64.ActiveCfg = Release|x64
		{5A0E3901-3A92-4147-BC4B-5CD562327617}.Release|x64.Build.0 = Release|x64
		{5A0E3901-3A92-4147-BC4B-5CD562327617}.Release|x86.ActiveCfg = Release|Win32
		{5A0E3901-3A92-4147-BC4B-5CD562327617}.Release|x86.Build.0 = Release|Win32
	EndGlobalSection
	GlobalSection(SolutionProperties) = preSolution
		HideSolutionNode = FALSE
	EndGlobalSection
	GlobalSection(ExtensibilityGlobals) = postSolution
		SolutionGuid = {63E058D4-CF32-4E94-8122-CA1FB2A1D795}
	EndGlobalSection
EndGlobal
